
Microsoft Visual Studio Solution File, Format Version 12.00
# Visual Studio Version 17
VisualStudioVersion = 17.0.31611.283
MinimumVisualStudioVersion = 10.0.40219.1
Project("{9A19103F-16F7-4668-BE54-9A1E7A4F7556}") = "QianShiMusicClient.Maui", "QianShiMusicClient.Maui\QianShiMusicClient.Maui.csproj", "{4BB94F24-902B-4765-BAFF-6CA16997343D}"
EndProject
Project("{9A19103F-16F7-4668-BE54-9A1E7A4F7556}") = "NeteaseCloudMusicApi", "NeteaseCloudMusicApi\NeteaseCloudMusicApi.csproj", "{B4F0A83A-0E3E-42D0-83F6-D6322111B9DF}"
EndProject
Project("{FAE04EC0-301F-11D3-BF4B-00C04F79EFBC}") = "NeteaseCloudMusicApi.Test", "NeteaseCloudMusicApi.Test\NeteaseCloudMusicApi.Test.csproj", "{29E3E59D-F1CA-4BBD-9346-5B2164C84952}"
EndProject
Global
	GlobalSection(SolutionConfigurationPlatforms) = preSolution
		Debug|Any CPU = Debug|Any CPU
		Release|Any CPU = Release|Any CPU
	EndGlobalSection
	GlobalSection(ProjectConfigurationPlatforms) = postSolution
		{4BB94F24-902B-4765-BAFF-6CA16997343D}.Debug|Any CPU.ActiveCfg = Debug|Any CPU
		{4BB94F24-902B-4765-BAFF-6CA16997343D}.Debug|Any CPU.Build.0 = Debug|Any CPU
		{4BB94F24-902B-4765-BAFF-6CA16997343D}.Debug|Any CPU.Deploy.0 = Debug|Any CPU
		{4BB94F24-902B-4765-BAFF-6CA16997343D}.Release|Any CPU.ActiveCfg = Release|Any CPU
		{4BB94F24-902B-4765-BAFF-6CA16997343D}.Release|Any CPU.Build.0 = Release|Any CPU
		{4BB94F24-902B-4765-BAFF-6CA16997343D}.Release|Any CPU.Deploy.0 = Release|Any CPU
		{B4F0A83A-0E3E-42D0-83F6-D6322111B9DF}.Debug|Any CPU.ActiveCfg = Debug|Any CPU
		{B4F0A83A-0E3E-42D0-83F6-D6322111B9DF}.Debug|Any CPU.Build.0 = Debug|Any CPU
		{B4F0A83A-0E3E-42D0-83F6-D6322111B9DF}.Release|Any CPU.ActiveCfg = Release|Any CPU
		{B4F0A83A-0E3E-42D0-83F6-D6322111B9DF}.Release|Any CPU.Build.0 = Release|Any CPU
		{29E3E59D-F1CA-4BBD-9346-5B2164C84952}.Debug|Any CPU.ActiveCfg = Debug|Any CPU
		{29E3E59D-F1CA-4BBD-9346-5B2164C84952}.Debug|Any CPU.Build.0 = Debug|Any CPU
		{29E3E59D-F1CA-4BBD-9346-5B2164C84952}.Release|Any CPU.ActiveCfg = Release|Any CPU
		{29E3E59D-F1CA-4BBD-9346-5B2164C84952}.Release|Any CPU.Build.0 = Release|Any CPU
	EndGlobalSection
	GlobalSection(SolutionProperties) = preSolution
		HideSolutionNode = FALSE
	EndGlobalSection
	GlobalSection(ExtensibilityGlobals) = postSolution
		SolutionGuid = {61F7FB11-1E47-470C-91E2-47F8143E1572}
	EndGlobalSection
EndGlobal
